PODS:
  - BestHttpInterceptor (1.1.0)

DEPENDENCIES:
  - BestHttpInterceptor (from `../`)

EXTERNAL SOURCES:
  BestHttpInterceptor:
    :path: "../"

SPEC CHECKSUMS:
  BestHttpInterceptor: b23f0f0f494fa712f4da02a3a61225ba7416c0f7

PODFILE CHECKSUM: 82e03cbef04c3fbee3a6c64d7312c933069fa5c5

COCOAPODS: 1.8.4
