PODS:
  - BestHttpInterceptor (1.0.0)

DEPENDENCIES:
  - BestHttpInterceptor (from `../`)

EXTERNAL SOURCES:
  BestHttpInterceptor:
    :path: "../"

SPEC CHECKSUMS:
  BestHttpInterceptor: 559e864a336a2700d722485624f20afac48dd10b

PODFILE CHECKSUM: 82e03cbef04c3fbee3a6c64d7312c933069fa5c5

COCOAPODS: 1.8.4
