// !$*UTF8*$!
{
	archiveVersion = 1;
	classes = {
	};
	objectVersion = 46;
	objects = {

/* Begin PBXBuildFile section */
		0E65825C28B1D5BF86242E62 /* Pods_HttpInterceptor_Example.framework in Frameworks */ = {isa = PBXBuildFile; fileRef = 322E53D9AADE127E48C4AEA1 /* Pods_HttpInterceptor_Example.framework */; };
		4F92024323B98DC300B50634 /* OCTemplateViewController.m in Sources */ = {isa = PBXBuildFile; fileRef = 4F92024123B98DC300B50634 /* OCTemplateViewController.m */; };
		4F92024423B98DC300B50634 /* OCTemplateViewController.xib in Resources */ = {isa = PBXBuildFile; fileRef = 4F92024223B98DC300B50634 /* OCTemplateViewController.xib */; };
		4FC267E223B06F1B00973118 /* WKViewController.swift in Sources */ = {isa = PBXBuildFile; fileRef = 4FC267E023B06F1B00973118 /* WKViewController.swift */; };
		4FC267E323B06F1B00973118 /* WKViewController.xib in Resources */ = {isa = PBXBuildFile; fileRef = 4FC267E123B06F1B00973118 /* WKViewController.xib */; };
		4FC267E523B070CA00973118 /* WebKit.framework in Frameworks */ = {isa = PBXBuildFile; fileRef = 4FC267E423B070CA00973118 /* WebKit.framework */; };
		4FC267E823B0743F00973118 /* UIWebViewController.swift in Sources */ = {isa = PBXBuildFile; fileRef = 4FC267E623B0743F00973118 /* UIWebViewController.swift */; };
		4FC267E923B0743F00973118 /* UIWebViewController.xib in Resources */ = {isa = PBXBuildFile; fileRef = 4FC267E723B0743F00973118 /* UIWebViewController.xib */; };
		4FC267EC23B0B72500973118 /* URLSessionViewController.swift in Sources */ = {isa = PBXBuildFile; fileRef = 4FC267EA23B0B72500973118 /* URLSessionViewController.swift */; };
		4FC267ED23B0B72500973118 /* URLSessionViewController.xib in Resources */ = {isa = PBXBuildFile; fileRef = 4FC267EB23B0B72500973118 /* URLSessionViewController.xib */; };
		4FD67ADD23B1016E0055E09E /* TableLabelViewCell.swift in Sources */ = {isa = PBXBuildFile; fileRef = 4FD67ADB23B1016E0055E09E /* TableLabelViewCell.swift */; };
		4FD67ADE23B1016E0055E09E /* TableLabelViewCell.xib in Resources */ = {isa = PBXBuildFile; fileRef = 4FD67ADC23B1016E0055E09E /* TableLabelViewCell.xib */; };
		4FD67AE123B11ED00055E09E /* ContentTypeEnum.swift in Sources */ = {isa = PBXBuildFile; fileRef = 4FD67AE023B11ED00055E09E /* ContentTypeEnum.swift */; };
		4FD67AE323B120C60055E09E /* URLSessionViewController+HttpInterceptor.swift in Sources */ = {isa = PBXBuildFile; fileRef = 4FD67AE223B120C60055E09E /* URLSessionViewController+HttpInterceptor.swift */; };
		4FD67AE523B1DEE30055E09E /* SessionManager.swift in Sources */ = {isa = PBXBuildFile; fileRef = 4FD67AE423B1DEE30055E09E /* SessionManager.swift */; };
		4FEF483623B85C4200E62740 /* Enum.swift in Sources */ = {isa = PBXBuildFile; fileRef = 4FEF483523B85C4200E62740 /* Enum.swift */; };
		4FEF483923B8A81600E62740 /* MockerViewController.swift in Sources */ = {isa = PBXBuildFile; fileRef = 4FEF483723B8A81600E62740 /* MockerViewController.swift */; };
		4FEF483A23B8A81600E62740 /* MockerViewController.xib in Resources */ = {isa = PBXBuildFile; fileRef = 4FEF483823B8A81600E62740 /* MockerViewController.xib */; };
		4FEF484223B8DD2900E62740 /* MockerTemplateViewController.swift in Sources */ = {isa = PBXBuildFile; fileRef = 4FEF484023B8DD2900E62740 /* MockerTemplateViewController.swift */; };
		4FEF484323B8DD2900E62740 /* MockerTemplateViewController.xib in Resources */ = {isa = PBXBuildFile; fileRef = 4FEF484123B8DD2900E62740 /* MockerTemplateViewController.xib */; };
		4FEF484723B8E09D00E62740 /* mock_jpg.jpg in Resources */ = {isa = PBXBuildFile; fileRef = 4FEF484423B8E09D00E62740 /* mock_jpg.jpg */; };
		4FEF484823B8E09D00E62740 /* mock_gif.gif in Resources */ = {isa = PBXBuildFile; fileRef = 4FEF484523B8E09D00E62740 /* mock_gif.gif */; };
		4FEF484923B8E09D00E62740 /* mock_png.png in Resources */ = {isa = PBXBuildFile; fileRef = 4FEF484623B8E09D00E62740 /* mock_png.png */; };
		4FEF484D23B8EEBF00E62740 /* mock_json.json in Resources */ = {isa = PBXBuildFile; fileRef = 4FEF484C23B8EEBF00E62740 /* mock_json.json */; };
		4FEF484F23B8F17400E62740 /* UIImage+Gif.swift in Sources */ = {isa = PBXBuildFile; fileRef = 4FEF484E23B8F17400E62740 /* UIImage+Gif.swift */; };
		4FEF485223B8F31000E62740 /* mock_html.html in Resources */ = {isa = PBXBuildFile; fileRef = 4FEF485023B8F31000E62740 /* mock_html.html */; };
		4FEF485323B8F31000E62740 /* mock_pdf.pdf in Resources */ = {isa = PBXBuildFile; fileRef = 4FEF485123B8F31000E62740 /* mock_pdf.pdf */; };
		607FACD61AFB9204008FA782 /* AppDelegate.swift in Sources */ = {isa = PBXBuildFile; fileRef = 607FACD51AFB9204008FA782 /* AppDelegate.swift */; };
		607FACD81AFB9204008FA782 /* ViewController.swift in Sources */ = {isa = PBXBuildFile; fileRef = 607FACD71AFB9204008FA782 /* ViewController.swift */; };
		607FACDB1AFB9204008FA782 /* Main.storyboard in Resources */ = {isa = PBXBuildFile; fileRef = 607FACD91AFB9204008FA782 /* Main.storyboard */; };
		607FACDD1AFB9204008FA782 /* Images.xcassets in Resources */ = {isa = PBXBuildFile; fileRef = 607FACDC1AFB9204008FA782 /* Images.xcassets */; };
		607FACE01AFB9204008FA782 /* LaunchScreen.xib in Resources */ = {isa = PBXBuildFile; fileRef = 607FACDE1AFB9204008FA782 /* LaunchScreen.xib */; };
		607FACEC1AFB9204008FA782 /* Tests.swift in Sources */ = {isa = PBXBuildFile; fileRef = 607FACEB1AFB9204008FA782 /* Tests.swift */; };
		70225D1D975A8C816D02FEC9 /* Pods_HttpInterceptor_Tests.framework in Frameworks */ = {isa = PBXBuildFile; fileRef = 987A2838A4271EF7F4277F3E /* Pods_HttpInterceptor_Tests.framework */; };
/* End PBXBuildFile section */

/* Begin PBXContainerItemProxy section */
		607FACE61AFB9204008FA782 /* PBXContainerItemProxy */ = {
			isa = PBXContainerItemProxy;
			containerPortal = 607FACC81AFB9204008FA782 /* Project object */;
			proxyType = 1;
			remoteGlobalIDString = 607FACCF1AFB9204008FA782;
			remoteInfo = HttpInterceptor;
		};
/* End PBXContainerItemProxy section */

/* Begin PBXFileReference section */
		02AD2CF3890BC8890B0B3D5A /* HttpInterceptor.podspec */ = {isa = PBXFileReference; includeInIndex = 1; lastKnownFileType = text; name = HttpInterceptor.podspec; path = ../HttpInterceptor.podspec; sourceTree = "<group>"; };
		03ABB74695F87F91FBBFC632 /* Pods-HttpInterceptor_Tests.debug.xcconfig */ = {isa = PBXFileReference; includeInIndex = 1; lastKnownFileType = text.xcconfig; name = "Pods-HttpInterceptor_Tests.debug.xcconfig"; path = "Target Support Files/Pods-HttpInterceptor_Tests/Pods-HttpInterceptor_Tests.debug.xcconfig"; sourceTree = "<group>"; };
		05321371A5BF0CB58567F7A2 /* README.md */ = {isa = PBXFileReference; includeInIndex = 1; lastKnownFileType = net.daringfireball.markdown; name = README.md; path = ../README.md; sourceTree = "<group>"; };
		322E53D9AADE127E48C4AEA1 /* Pods_HttpInterceptor_Example.framework */ = {isa = PBXFileReference; explicitFileType = wrapper.framework; includeInIndex = 0; path = Pods_HttpInterceptor_Example.framework; sourceTree = BUILT_PRODUCTS_DIR; };
		496F35E29D24D27075F826D2 /* Pods-HttpInterceptor_Tests.release.xcconfig */ = {isa = PBXFileReference; includeInIndex = 1; lastKnownFileType = text.xcconfig; name = "Pods-HttpInterceptor_Tests.release.xcconfig"; path = "Target Support Files/Pods-HttpInterceptor_Tests/Pods-HttpInterceptor_Tests.release.xcconfig"; sourceTree = "<group>"; };
		4F92023F23B98DC300B50634 /* HttpInterceptor_Example-Bridging-Header.h */ = {isa = PBXFileReference; lastKnownFileType = sourcecode.c.h; path = "HttpInterceptor_Example-Bridging-Header.h"; sourceTree = "<group>"; };
		4F92024023B98DC300B50634 /* OCTemplateViewController.h */ = {isa = PBXFileReference; lastKnownFileType = sourcecode.c.h; path = OCTemplateViewController.h; sourceTree = "<group>"; };
		4F92024123B98DC300B50634 /* OCTemplateViewController.m */ = {isa = PBXFileReference; lastKnownFileType = sourcecode.c.objc; path = OCTemplateViewController.m; sourceTree = "<group>"; };
		4F92024223B98DC300B50634 /* OCTemplateViewController.xib */ = {isa = PBXFileReference; lastKnownFileType = file.xib; path = OCTemplateViewController.xib; sourceTree = "<group>"; };
		4FC267E023B06F1B00973118 /* WKViewController.swift */ = {isa = PBXFileReference; lastKnownFileType = sourcecode.swift; path = WKViewController.swift; sourceTree = "<group>"; };
		4FC267E123B06F1B00973118 /* WKViewController.xib */ = {isa = PBXFileReference; lastKnownFileType = file.xib; path = WKViewController.xib; sourceTree = "<group>"; };
		4FC267E423B070CA00973118 /* WebKit.framework */ = {isa = PBXFileReference; lastKnownFileType = wrapper.framework; name = WebKit.framework; path = System/Library/Frameworks/WebKit.framework; sourceTree = SDKROOT; };
		4FC267E623B0743F00973118 /* UIWebViewController.swift */ = {isa = PBXFileReference; lastKnownFileType = sourcecode.swift; path = UIWebViewController.swift; sourceTree = "<group>"; };
		4FC267E723B0743F00973118 /* UIWebViewController.xib */ = {isa = PBXFileReference; lastKnownFileType = file.xib; path = UIWebViewController.xib; sourceTree = "<group>"; };
		4FC267EA23B0B72500973118 /* URLSessionViewController.swift */ = {isa = PBXFileReference; lastKnownFileType = sourcecode.swift; path = URLSessionViewController.swift; sourceTree = "<group>"; };
		4FC267EB23B0B72500973118 /* URLSessionViewController.xib */ = {isa = PBXFileReference; lastKnownFileType = file.xib; path = URLSessionViewController.xib; sourceTree = "<group>"; };
		4FD67ADB23B1016E0055E09E /* TableLabelViewCell.swift */ = {isa = PBXFileReference; lastKnownFileType = sourcecode.swift; path = TableLabelViewCell.swift; sourceTree = "<group>"; };
		4FD67ADC23B1016E0055E09E /* TableLabelViewCell.xib */ = {isa = PBXFileReference; lastKnownFileType = file.xib; path = TableLabelViewCell.xib; sourceTree = "<group>"; };
		4FD67AE023B11ED00055E09E /* ContentTypeEnum.swift */ = {isa = PBXFileReference; lastKnownFileType = sourcecode.swift; path = ContentTypeEnum.swift; sourceTree = "<group>"; };
		4FD67AE223B120C60055E09E /* URLSessionViewController+HttpInterceptor.swift */ = {isa = PBXFileReference; lastKnownFileType = sourcecode.swift; path = "URLSessionViewController+HttpInterceptor.swift"; sourceTree = "<group>"; };
		4FD67AE423B1DEE30055E09E /* SessionManager.swift */ = {isa = PBXFileReference; lastKnownFileType = sourcecode.swift; path = SessionManager.swift; sourceTree = "<group>"; };
		4FEF483523B85C4200E62740 /* Enum.swift */ = {isa = PBXFileReference; lastKnownFileType = sourcecode.swift; path = Enum.swift; sourceTree = "<group>"; };
		4FEF483723B8A81600E62740 /* MockerViewController.swift */ = {isa = PBXFileReference; lastKnownFileType = sourcecode.swift; path = MockerViewController.swift; sourceTree = "<group>"; };
		4FEF483823B8A81600E62740 /* MockerViewController.xib */ = {isa = PBXFileReference; lastKnownFileType = file.xib; path = MockerViewController.xib; sourceTree = "<group>"; };
		4FEF484023B8DD2900E62740 /* MockerTemplateViewController.swift */ = {isa = PBXFileReference; lastKnownFileType = sourcecode.swift; path = MockerTemplateViewController.swift; sourceTree = "<group>"; };
		4FEF484123B8DD2900E62740 /* MockerTemplateViewController.xib */ = {isa = PBXFileReference; lastKnownFileType = file.xib; path = MockerTemplateViewController.xib; sourceTree = "<group>"; };
		4FEF484423B8E09D00E62740 /* mock_jpg.jpg */ = {isa = PBXFileReference; lastKnownFileType = image.jpeg; path = mock_jpg.jpg; sourceTree = "<group>"; };
		4FEF484523B8E09D00E62740 /* mock_gif.gif */ = {isa = PBXFileReference; lastKnownFileType = image.gif; path = mock_gif.gif; sourceTree = "<group>"; };
		4FEF484623B8E09D00E62740 /* mock_png.png */ = {isa = PBXFileReference; lastKnownFileType = image.png; path = mock_png.png; sourceTree = "<group>"; };
		4FEF484C23B8EEBF00E62740 /* mock_json.json */ = {isa = PBXFileReference; fileEncoding = 4; lastKnownFileType = text.json; path = mock_json.json; sourceTree = "<group>"; };
		4FEF484E23B8F17400E62740 /* UIImage+Gif.swift */ = {isa = PBXFileReference; lastKnownFileType = sourcecode.swift; path = "UIImage+Gif.swift"; sourceTree = "<group>"; };
		4FEF485023B8F31000E62740 /* mock_html.html */ = {isa = PBXFileReference; fileEncoding = 4; lastKnownFileType = text.html; path = mock_html.html; sourceTree = "<group>"; };
		4FEF485123B8F31000E62740 /* mock_pdf.pdf */ = {isa = PBXFileReference; lastKnownFileType = image.pdf; path = mock_pdf.pdf; sourceTree = "<group>"; };
		607FACD01AFB9204008FA782 /* HttpInterceptor_Example.app */ = {isa = PBXFileReference; explicitFileType = wrapper.application; includeInIndex = 0; path = HttpInterceptor_Example.app; sourceTree = BUILT_PRODUCTS_DIR; };
		607FACD41AFB9204008FA782 /* Info.plist */ = {isa = PBXFileReference; lastKnownFileType = text.plist.xml; path = Info.plist; sourceTree = "<group>"; };
		607FACD51AFB9204008FA782 /* AppDelegate.swift */ = {isa = PBXFileReference; lastKnownFileType = sourcecode.swift; path = AppDelegate.swift; sourceTree = "<group>"; };
		607FACD71AFB9204008FA782 /* ViewController.swift */ = {isa = PBXFileReference; lastKnownFileType = sourcecode.swift; path = ViewController.swift; sourceTree = "<group>"; };
		607FACDA1AFB9204008FA782 /* Base */ = {isa = PBXFileReference; lastKnownFileType = file.storyboard; name = Base; path = Base.lproj/Main.storyboard; sourceTree = "<group>"; };
		607FACDC1AFB9204008FA782 /* Images.xcassets */ = {isa = PBXFileReference; lastKnownFileType = folder.assetcatalog; path = Images.xcassets; sourceTree = "<group>"; };
		607FACDF1AFB9204008FA782 /* Base */ = {isa = PBXFileReference; lastKnownFileType = file.xib; name = Base; path = Base.lproj/LaunchScreen.xib; sourceTree = "<group>"; };
		607FACE51AFB9204008FA782 /* HttpInterceptor_Tests.xctest */ = {isa = PBXFileReference; explicitFileType = wrapper.cfbundle; includeInIndex = 0; path = HttpInterceptor_Tests.xctest; sourceTree = BUILT_PRODUCTS_DIR; };
		607FACEA1AFB9204008FA782 /* Info.plist */ = {isa = PBXFileReference; lastKnownFileType = text.plist.xml; path = Info.plist; sourceTree = "<group>"; };
		607FACEB1AFB9204008FA782 /* Tests.swift */ = {isa = PBXFileReference; lastKnownFileType = sourcecode.swift; path = Tests.swift; sourceTree = "<group>"; };
		7B541CF18C52B1F37F15BC9D /* Pods-HttpInterceptor_Example.release.xcconfig */ = {isa = PBXFileReference; includeInIndex = 1; lastKnownFileType = text.xcconfig; name = "Pods-HttpInterceptor_Example.release.xcconfig"; path = "Target Support Files/Pods-HttpInterceptor_Example/Pods-HttpInterceptor_Example.release.xcconfig"; sourceTree = "<group>"; };
		7CD552528758592FA88EEDA9 /* LICENSE */ = {isa = PBXFileReference; includeInIndex = 1; lastKnownFileType = text; name = LICENSE; path = ../LICENSE; sourceTree = "<group>"; };
		93AB3486FA1095C28E195DE2 /* Pods-HttpInterceptor_Example.debug.xcconfig */ = {isa = PBXFileReference; includeInIndex = 1; lastKnownFileType = text.xcconfig; name = "Pods-HttpInterceptor_Example.debug.xcconfig"; path = "Target Support Files/Pods-HttpInterceptor_Example/Pods-HttpInterceptor_Example.debug.xcconfig"; sourceTree = "<group>"; };
		987A2838A4271EF7F4277F3E /* Pods_HttpInterceptor_Tests.framework */ = {isa = PBXFileReference; explicitFileType = wrapper.framework; includeInIndex = 0; path = Pods_HttpInterceptor_Tests.framework; sourceTree = BUILT_PRODUCTS_DIR; };
/* End PBXFileReference section */

/* Begin PBXFrameworksBuildPhase section */
		607FACCD1AFB9204008FA782 /* Frameworks */ = {
			isa = PBXFrameworksBuildPhase;
			buildActionMask = 2147483647;
			files = (
				4FC267E523B070CA00973118 /* WebKit.framework in Frameworks */,
				0E65825C28B1D5BF86242E62 /* Pods_HttpInterceptor_Example.framework in Frameworks */,
			);
			runOnlyForDeploymentPostprocessing = 0;
		};
		607FACE21AFB9204008FA782 /* Frameworks */ = {
			isa = PBXFrameworksBuildPhase;
			buildActionMask = 2147483647;
			files = (
				70225D1D975A8C816D02FEC9 /* Pods_HttpInterceptor_Tests.framework in Frameworks */,
			);
			runOnlyForDeploymentPostprocessing = 0;
		};
/* End PBXFrameworksBuildPhase section */

/* Begin PBXGroup section */
		4FEF483423B85BD100E62740 /* Template */ = {
			isa = PBXGroup;
			children = (
				4FEF483F23B8DAF900E62740 /* MockAssets */,
				4FC267E023B06F1B00973118 /* WKViewController.swift */,
				4FC267E123B06F1B00973118 /* WKViewController.xib */,
				4FC267E623B0743F00973118 /* UIWebViewController.swift */,
				4FC267E723B0743F00973118 /* UIWebViewController.xib */,
				4FC267EA23B0B72500973118 /* URLSessionViewController.swift */,
				4FC267EB23B0B72500973118 /* URLSessionViewController.xib */,
				4FD67ADB23B1016E0055E09E /* TableLabelViewCell.swift */,
				4FD67ADC23B1016E0055E09E /* TableLabelViewCell.xib */,
				4FD67AE023B11ED00055E09E /* ContentTypeEnum.swift */,
				4FD67AE223B120C60055E09E /* URLSessionViewController+HttpInterceptor.swift */,
				4FD67AE423B1DEE30055E09E /* SessionManager.swift */,
				4FEF483723B8A81600E62740 /* MockerViewController.swift */,
				4FEF483823B8A81600E62740 /* MockerViewController.xib */,
				4FEF484023B8DD2900E62740 /* MockerTemplateViewController.swift */,
				4FEF484123B8DD2900E62740 /* MockerTemplateViewController.xib */,
				4FEF484E23B8F17400E62740 /* UIImage+Gif.swift */,
			);
			path = Template;
			sourceTree = "<group>";
		};
		4FEF483F23B8DAF900E62740 /* MockAssets */ = {
			isa = PBXGroup;
			children = (
				4FEF485023B8F31000E62740 /* mock_html.html */,
				4FEF485123B8F31000E62740 /* mock_pdf.pdf */,
				4FEF484C23B8EEBF00E62740 /* mock_json.json */,
				4FEF484523B8E09D00E62740 /* mock_gif.gif */,
				4FEF484423B8E09D00E62740 /* mock_jpg.jpg */,
				4FEF484623B8E09D00E62740 /* mock_png.png */,
			);
			path = MockAssets;
			sourceTree = "<group>";
		};
		607FACC71AFB9204008FA782 = {
			isa = PBXGroup;
			children = (
				607FACF51AFB993E008FA782 /* Podspec Metadata */,
				607FACD21AFB9204008FA782 /* Example for HttpInterceptor */,
				607FACE81AFB9204008FA782 /* Tests */,
				607FACD11AFB9204008FA782 /* Products */,
				738795A08183954885942B9B /* Pods */,
				7DC5925EF9FBD51D1FE91CE5 /* Frameworks */,
			);
			sourceTree = "<group>";
		};
		607FACD11AFB9204008FA782 /* Products */ = {
			isa = PBXGroup;
			children = (
				607FACD01AFB9204008FA782 /* HttpInterceptor_Example.app */,
				607FACE51AFB9204008FA782 /* HttpInterceptor_Tests.xctest */,
			);
			name = Products;
			sourceTree = "<group>";
		};
		607FACD21AFB9204008FA782 /* Example for HttpInterceptor */ = {
			isa = PBXGroup;
			children = (
				4FEF483423B85BD100E62740 /* Template */,
				607FACD51AFB9204008FA782 /* AppDelegate.swift */,
				607FACD71AFB9204008FA782 /* ViewController.swift */,
				4FEF483523B85C4200E62740 /* Enum.swift */,
				607FACD91AFB9204008FA782 /* Main.storyboard */,
				607FACDC1AFB9204008FA782 /* Images.xcassets */,
				607FACDE1AFB9204008FA782 /* LaunchScreen.xib */,
				607FACD31AFB9204008FA782 /* Supporting Files */,
				4F92024023B98DC300B50634 /* OCTemplateViewController.h */,
				4F92024123B98DC300B50634 /* OCTemplateViewController.m */,
				4F92024223B98DC300B50634 /* OCTemplateViewController.xib */,
				4F92023F23B98DC300B50634 /* HttpInterceptor_Example-Bridging-Header.h */,
			);
			name = "Example for HttpInterceptor";
			path = HttpInterceptor;
			sourceTree = "<group>";
		};
		607FACD31AFB9204008FA782 /* Supporting Files */ = {
			isa = PBXGroup;
			children = (
				607FACD41AFB9204008FA782 /* Info.plist */,
			);
			name = "Supporting Files";
			sourceTree = "<group>";
		};
		607FACE81AFB9204008FA782 /* Tests */ = {
			isa = PBXGroup;
			children = (
				607FACEB1AFB9204008FA782 /* Tests.swift */,
				607FACE91AFB9204008FA782 /* Supporting Files */,
			);
			path = Tests;
			sourceTree = "<group>";
		};
		607FACE91AFB9204008FA782 /* Supporting Files */ = {
			isa = PBXGroup;
			children = (
				607FACEA1AFB9204008FA782 /* Info.plist */,
			);
			name = "Supporting Files";
			sourceTree = "<group>";
		};
		607FACF51AFB993E008FA782 /* Podspec Metadata */ = {
			isa = PBXGroup;
			children = (
				02AD2CF3890BC8890B0B3D5A /* HttpInterceptor.podspec */,
				05321371A5BF0CB58567F7A2 /* README.md */,
				7CD552528758592FA88EEDA9 /* LICENSE */,
			);
			name = "Podspec Metadata";
			sourceTree = "<group>";
		};
		738795A08183954885942B9B /* Pods */ = {
			isa = PBXGroup;
			children = (
				93AB3486FA1095C28E195DE2 /* Pods-HttpInterceptor_Example.debug.xcconfig */,
				7B541CF18C52B1F37F15BC9D /* Pods-HttpInterceptor_Example.release.xcconfig */,
				03ABB74695F87F91FBBFC632 /* Pods-HttpInterceptor_Tests.debug.xcconfig */,
				496F35E29D24D27075F826D2 /* Pods-HttpInterceptor_Tests.release.xcconfig */,
			);
			path = Pods;
			sourceTree = "<group>";
		};
		7DC5925EF9FBD51D1FE91CE5 /* Frameworks */ = {
			isa = PBXGroup;
			children = (
				4FC267E423B070CA00973118 /* WebKit.framework */,
				322E53D9AADE127E48C4AEA1 /* Pods_HttpInterceptor_Example.framework */,
				987A2838A4271EF7F4277F3E /* Pods_HttpInterceptor_Tests.framework */,
			);
			name = Frameworks;
			sourceTree = "<group>";
		};
/* End PBXGroup section */

/* Begin PBXNativeTarget section */
		607FACCF1AFB9204008FA782 /* HttpInterceptor_Example */ = {
			isa = PBXNativeTarget;
			buildConfigurationList = 607FACEF1AFB9204008FA782 /* Build configuration list for PBXNativeTarget "HttpInterceptor_Example" */;
			buildPhases = (
				D56BA971633F2848934306BD /* [CP] Check Pods Manifest.lock */,
				607FACCC1AFB9204008FA782 /* Sources */,
				607FACCD1AFB9204008FA782 /* Frameworks */,
				607FACCE1AFB9204008FA782 /* Resources */,
				564D7B4FB01BA4C713A20100 /* [CP] Embed Pods Frameworks */,
			);
			buildRules = (
			);
			dependencies = (
			);
			name = HttpInterceptor_Example;
			productName = HttpInterceptor;
			productReference = 607FACD01AFB9204008FA782 /* HttpInterceptor_Example.app */;
			productType = "com.apple.product-type.application";
		};
		607FACE41AFB9204008FA782 /* HttpInterceptor_Tests */ = {
			isa = PBXNativeTarget;
			buildConfigurationList = 607FACF21AFB9204008FA782 /* Build configuration list for PBXNativeTarget "HttpInterceptor_Tests" */;
			buildPhases = (
				0FDCB41D3BB73797F2FC366F /* [CP] Check Pods Manifest.lock */,
				607FACE11AFB9204008FA782 /* Sources */,
				607FACE21AFB9204008FA782 /* Frameworks */,
				607FACE31AFB9204008FA782 /* Resources */,
			);
			buildRules = (
			);
			dependencies = (
				607FACE71AFB9204008FA782 /* PBXTargetDependency */,
			);
			name = HttpInterceptor_Tests;
			productName = Tests;
			productReference = 607FACE51AFB9204008FA782 /* HttpInterceptor_Tests.xctest */;
			productType = "com.apple.product-type.bundle.unit-test";
		};
/* End PBXNativeTarget section */

/* Begin PBXProject section */
		607FACC81AFB9204008FA782 /* Project object */ = {
			isa = PBXProject;
			attributes = {
				LastSwiftUpdateCheck = 0830;
				LastUpgradeCheck = 0830;
				ORGANIZATIONNAME = CocoaPods;
				TargetAttributes = {
					607FACCF1AFB9204008FA782 = {
						CreatedOnToolsVersion = 6.3.1;
						LastSwiftMigration = 1110;
					};
					607FACE41AFB9204008FA782 = {
						CreatedOnToolsVersion = 6.3.1;
						LastSwiftMigration = 0900;
						TestTargetID = 607FACCF1AFB9204008FA782;
					};
				};
			};
			buildConfigurationList = 607FACCB1AFB9204008FA782 /* Build configuration list for PBXProject "HttpInterceptor" */;
			compatibilityVersion = "Xcode 3.2";
			developmentRegion = English;
			hasScannedForEncodings = 0;
			knownRegions = (
				English,
				en,
				Base,
			);
			mainGroup = 607FACC71AFB9204008FA782;
			productRefGroup = 607FACD11AFB9204008FA782 /* Products */;
			projectDirPath = "";
			projectRoot = "";
			targets = (
				607FACCF1AFB9204008FA782 /* HttpInterceptor_Example */,
				607FACE41AFB9204008FA782 /* HttpInterceptor_Tests */,
			);
		};
/* End PBXProject section */

/* Begin PBXResourcesBuildPhase section */
		607FACCE1AFB9204008FA782 /* Resources */ = {
			isa = PBXResourcesBuildPhase;
			buildActionMask = 2147483647;
			files = (
				607FACDB1AFB9204008FA782 /* Main.storyboard in Resources */,
				4FEF484D23B8EEBF00E62740 /* mock_json.json in Resources */,
				4FEF484923B8E09D00E62740 /* mock_png.png in Resources */,
				4FEF484723B8E09D00E62740 /* mock_jpg.jpg in Resources */,
				4FEF485323B8F31000E62740 /* mock_pdf.pdf in Resources */,
				4FEF483A23B8A81600E62740 /* MockerViewController.xib in Resources */,
				4FEF485223B8F31000E62740 /* mock_html.html in Resources */,
				4FC267ED23B0B72500973118 /* URLSessionViewController.xib in Resources */,
				4FD67ADE23B1016E0055E09E /* TableLabelViewCell.xib in Resources */,
				607FACE01AFB9204008FA782 /* LaunchScreen.xib in Resources */,
				4F92024423B98DC300B50634 /* OCTemplateViewController.xib in Resources */,
				4FC267E323B06F1B00973118 /* WKViewController.xib in Resources */,
				4FEF484823B8E09D00E62740 /* mock_gif.gif in Resources */,
				4FEF484323B8DD2900E62740 /* MockerTemplateViewController.xib in Resources */,
				4FC267E923B0743F00973118 /* UIWebViewController.xib in Resources */,
				607FACDD1AFB9204008FA782 /* Images.xcassets in Resources */,
			);
			runOnlyForDeploymentPostprocessing = 0;
		};
		607FACE31AFB9204008FA782 /* Resources */ = {
			isa = PBXResourcesBuildPhase;
			buildActionMask = 2147483647;
			files = (
			);
			runOnlyForDeploymentPostprocessing = 0;
		};
/* End PBXResourcesBuildPhase section */

/* Begin PBXShellScriptBuildPhase section */
		0FDCB41D3BB73797F2FC366F /* [CP] Check Pods Manifest.lock */ = {
			isa = PBXShellScriptBuildPhase;
			buildActionMask = 2147483647;
			files = (
			);
			inputFileListPaths = (
			);
			inputPaths = (
				"${PODS_PODFILE_DIR_PATH}/Podfile.lock",
				"${PODS_ROOT}/Manifest.lock",
			);
			name = "[CP] Check Pods Manifest.lock";
			outputFileListPaths = (
			);
			outputPaths = (
				"$(DERIVED_FILE_DIR)/Pods-HttpInterceptor_Tests-checkManifestLockResult.txt",
			);
			runOnlyForDeploymentPostprocessing = 0;
			shellPath = /bin/sh;
			shellScript = "diff \"${PODS_PODFILE_DIR_PATH}/Podfile.lock\" \"${PODS_ROOT}/Manifest.lock\" > /dev/null\nif [ $? != 0 ] ; then\n    # print error to STDERR\n    echo \"error: The sandbox is not in sync with the Podfile.lock. Run 'pod install' or update your CocoaPods installation.\" >&2\n    exit 1\nfi\n# This output is used by Xcode 'outputs' to avoid re-running this script phase.\necho \"SUCCESS\" > \"${SCRIPT_OUTPUT_FILE_0}\"\n";
			showEnvVarsInLog = 0;
		};
		564D7B4FB01BA4C713A20100 /* [CP] Embed Pods Frameworks */ = {
			isa = PBXShellScriptBuildPhase;
			buildActionMask = 2147483647;
			files = (
			);
			inputPaths = (
				"${PODS_ROOT}/Target Support Files/Pods-HttpInterceptor_Example/Pods-HttpInterceptor_Example-frameworks.sh",
				"${BUILT_PRODUCTS_DIR}/BestHttpInterceptor/BestHttpInterceptor.framework",
			);
			name = "[CP] Embed Pods Frameworks";
			outputPaths = (
				"${TARGET_BUILD_DIR}/${FRAMEWORKS_FOLDER_PATH}/BestHttpInterceptor.framework",
			);
			runOnlyForDeploymentPostprocessing = 0;
			shellPath = /bin/sh;
			shellScript = "\"${PODS_ROOT}/Target Support Files/Pods-HttpInterceptor_Example/Pods-HttpInterceptor_Example-frameworks.sh\"\n";
			showEnvVarsInLog = 0;
		};
		D56BA971633F2848934306BD /* [CP] Check Pods Manifest.lock */ = {
			isa = PBXShellScriptBuildPhase;
			buildActionMask = 2147483647;
			files = (
			);
			inputFileListPaths = (
			);
			inputPaths = (
				"${PODS_PODFILE_DIR_PATH}/Podfile.lock",
				"${PODS_ROOT}/Manifest.lock",
			);
			name = "[CP] Check Pods Manifest.lock";
			outputFileListPaths = (
			);
			outputPaths = (
				"$(DERIVED_FILE_DIR)/Pods-HttpInterceptor_Example-checkManifestLockResult.txt",
			);
			runOnlyForDeploymentPostprocessing = 0;
			shellPath = /bin/sh;
			shellScript = "diff \"${PODS_PODFILE_DIR_PATH}/Podfile.lock\" \"${PODS_ROOT}/Manifest.lock\" > /dev/null\nif [ $? != 0 ] ; then\n    # print error to STDERR\n    echo \"error: The sandbox is not in sync with the Podfile.lock. Run 'pod install' or update your CocoaPods installation.\" >&2\n    exit 1\nfi\n# This output is used by Xcode 'outputs' to avoid re-running this script phase.\necho \"SUCCESS\" > \"${SCRIPT_OUTPUT_FILE_0}\"\n";
			showEnvVarsInLog = 0;
		};
/* End PBXShellScriptBuildPhase section */

/* Begin PBXSourcesBuildPhase section */
		607FACCC1AFB9204008FA782 /* Sources */ = {
			isa = PBXSourcesBuildPhase;
			buildActionMask = 2147483647;
			files = (
				4FEF483923B8A81600E62740 /* MockerViewController.swift in Sources */,
				4FEF484223B8DD2900E62740 /* MockerTemplateViewController.swift in Sources */,
				4FD67AE323B120C60055E09E /* URLSessionViewController+HttpInterceptor.swift in Sources */,
				4FC267EC23B0B72500973118 /* URLSessionViewController.swift in Sources */,
				4FEF484F23B8F17400E62740 /* UIImage+Gif.swift in Sources */,
				4FD67AE523B1DEE30055E09E /* SessionManager.swift in Sources */,
				4FD67AE123B11ED00055E09E /* ContentTypeEnum.swift in Sources */,
				607FACD81AFB9204008FA782 /* ViewController.swift in Sources */,
				4FC267E223B06F1B00973118 /* WKViewController.swift in Sources */,
				607FACD61AFB9204008FA782 /* AppDelegate.swift in Sources */,
				4FD67ADD23B1016E0055E09E /* TableLabelViewCell.swift in Sources */,
				4FEF483623B85C4200E62740 /* Enum.swift in Sources */,
				4F92024323B98DC300B50634 /* OCTemplateViewController.m in Sources */,
				4FC267E823B0743F00973118 /* UIWebViewController.swift in Sources */,
			);
			runOnlyForDeploymentPostprocessing = 0;
		};
		607FACE11AFB9204008FA782 /* Sources */ = {
			isa = PBXSourcesBuildPhase;
			buildActionMask = 2147483647;
			files = (
				607FACEC1AFB9204008FA782 /* Tests.swift in Sources */,
			);
			runOnlyForDeploymentPostprocessing = 0;
		};
/* End PBXSourcesBuildPhase section */

/* Begin PBXTargetDependency section */
		607FACE71AFB9204008FA782 /* PBXTargetDependency */ = {
			isa = PBXTargetDependency;
			target = 607FACCF1AFB9204008FA782 /* HttpInterceptor_Example */;
			targetProxy = 607FACE61AFB9204008FA782 /* PBXContainerItemProxy */;
		};
/* End PBXTargetDependency section */

/* Begin PBXVariantGroup section */
		607FACD91AFB9204008FA782 /* Main.storyboard */ = {
			isa = PBXVariantGroup;
			children = (
				607FACDA1AFB9204008FA782 /* Base */,
			);
			name = Main.storyboard;
			sourceTree = "<group>";
		};
		607FACDE1AFB9204008FA782 /* LaunchScreen.xib */ = {
			isa = PBXVariantGroup;
			children = (
				607FACDF1AFB9204008FA782 /* Base */,
			);
			name = LaunchScreen.xib;
			sourceTree = "<group>";
		};
/* End PBXVariantGroup section */

/* Begin XCBuildConfiguration section */
		607FACED1AFB9204008FA782 /* Debug */ = {
			isa = XCBuildConfiguration;
			buildSettings = {
				ALWAYS_SEARCH_USER_PATHS = NO;
				CLANG_CXX_LANGUAGE_STANDARD = "gnu++0x";
				CLANG_CXX_LIBRARY = "libc++";
				CLANG_ENABLE_MODULES = YES;
				CLANG_ENABLE_OBJC_ARC = YES;
				CLANG_WARN_BLOCK_CAPTURE_AUTORELEASING = YES;
				CLANG_WARN_BOOL_CONVERSION = YES;
				CLANG_WARN_COMMA = YES;
				CLANG_WARN_CONSTANT_CONVERSION = YES;
				CLANG_WARN_DIRECT_OBJC_ISA_USAGE = YES_ERROR;
				CLANG_WARN_EMPTY_BODY = YES;
				CLANG_WARN_ENUM_CONVERSION = YES;
				CLANG_WARN_INFINITE_RECURSION = YES;
				CLANG_WARN_INT_CONVERSION = YES;
				CLANG_WARN_NON_LITERAL_NULL_CONVERSION = YES;
				CLANG_WARN_OBJC_LITERAL_CONVERSION = YES;
				CLANG_WARN_OBJC_ROOT_CLASS = YES_ERROR;
				CLANG_WARN_RANGE_LOOP_ANALYSIS = YES;
				CLANG_WARN_STRICT_PROTOTYPES = YES;
				CLANG_WARN_SUSPICIOUS_MOVE = YES;
				CLANG_WARN_UNREACHABLE_CODE = YES;
				CLANG_WARN__DUPLICATE_METHOD_MATCH = YES;
				"CODE_SIGN_IDENTITY[sdk=iphoneos*]" = "iPhone Developer";
				COPY_PHASE_STRIP = NO;
				DEBUG_INFORMATION_FORMAT = "dwarf-with-dsym";
				ENABLE_STRICT_OBJC_MSGSEND = YES;
				ENABLE_TESTABILITY = YES;
				GCC_C_LANGUAGE_STANDARD = gnu99;
				GCC_DYNAMIC_NO_PIC = NO;
				GCC_NO_COMMON_BLOCKS = YES;
				GCC_OPTIMIZATION_LEVEL = 0;
				GCC_PREPROCESSOR_DEFINITIONS = (
					"DEBUG=1",
					"$(inherited)",
				);
				GCC_SYMBOLS_PRIVATE_EXTERN = NO;
				GCC_WARN_64_TO_32_BIT_CONVERSION = YES;
				GCC_WARN_ABOUT_RETURN_TYPE = YES_ERROR;
				GCC_WARN_UNDECLARED_SELECTOR = YES;
				GCC_WARN_UNINITIALIZED_AUTOS = YES_AGGRESSIVE;
				GCC_WARN_UNUSED_FUNCTION = YES;
				GCC_WARN_UNUSED_VARIABLE = YES;
				IPHONEOS_DEPLOYMENT_TARGET = 11.0;
				MTL_ENABLE_DEBUG_INFO = YES;
				ONLY_ACTIVE_ARCH = YES;
				SDKROOT = iphoneos;
				SWIFT_OPTIMIZATION_LEVEL = "-Onone";
			};
			name = Debug;
		};
		607FACEE1AFB9204008FA782 /* Release */ = {
			isa = XCBuildConfiguration;
			buildSettings = {
				ALWAYS_SEARCH_USER_PATHS = NO;
				CLANG_CXX_LANGUAGE_STANDARD = "gnu++0x";
				CLANG_CXX_LIBRARY = "libc++";
				CLANG_ENABLE_MODULES = YES;
				CLANG_ENABLE_OBJC_ARC = YES;
				CLANG_WARN_BLOCK_CAPTURE_AUTORELEASING = YES;
				CLANG_WARN_BOOL_CONVERSION = YES;
				CLANG_WARN_COMMA = YES;
				CLANG_WARN_CONSTANT_CONVERSION = YES;
				CLANG_WARN_DIRECT_OBJC_ISA_USAGE = YES_ERROR;
				CLANG_WARN_EMPTY_BODY = YES;
				CLANG_WARN_ENUM_CONVERSION = YES;
				CLANG_WARN_INFINITE_RECURSION = YES;
				CLANG_WARN_INT_CONVERSION = YES;
				CLANG_WARN_NON_LITERAL_NULL_CONVERSION = YES;
				CLANG_WARN_OBJC_LITERAL_CONVERSION = YES;
				CLANG_WARN_OBJC_ROOT_CLASS = YES_ERROR;
				CLANG_WARN_RANGE_LOOP_ANALYSIS = YES;
				CLANG_WARN_STRICT_PROTOTYPES = YES;
				CLANG_WARN_SUSPICIOUS_MOVE = YES;
				CLANG_WARN_UNREACHABLE_CODE = YES;
				CLANG_WARN__DUPLICATE_METHOD_MATCH = YES;
				"CODE_SIGN_IDENTITY[sdk=iphoneos*]" = "iPhone Developer";
				COPY_PHASE_STRIP = NO;
				DEBUG_INFORMATION_FORMAT = "dwarf-with-dsym";
				ENABLE_NS_ASSERTIONS = NO;
				ENABLE_STRICT_OBJC_MSGSEND = YES;
				GCC_C_LANGUAGE_STANDARD = gnu99;
				GCC_NO_COMMON_BLOCKS = YES;
				GCC_WARN_64_TO_32_BIT_CONVERSION = YES;
				GCC_WARN_ABOUT_RETURN_TYPE = YES_ERROR;
				GCC_WARN_UNDECLARED_SELECTOR = YES;
				GCC_WARN_UNINITIALIZED_AUTOS = YES_AGGRESSIVE;
				GCC_WARN_UNUSED_FUNCTION = YES;
				GCC_WARN_UNUSED_VARIABLE = YES;
				IPHONEOS_DEPLOYMENT_TARGET = 11.0;
				MTL_ENABLE_DEBUG_INFO = NO;
				SDKROOT = iphoneos;
				SWIFT_OPTIMIZATION_LEVEL = "-Owholemodule";
				VALIDATE_PRODUCT = YES;
			};
			name = Release;
		};
		607FACF01AFB9204008FA782 /* Debug */ = {
			isa = XCBuildConfiguration;
			baseConfigurationReference = 93AB3486FA1095C28E195DE2 /* Pods-HttpInterceptor_Example.debug.xcconfig */;
			buildSettings = {
				ASSETCATALOG_COMPILER_APPICON_NAME = AppIcon;
				CLANG_ENABLE_MODULES = YES;
				DEVELOPMENT_TEAM = "";
				INFOPLIST_FILE = HttpInterceptor/Info.plist;
				LD_RUNPATH_SEARCH_PATHS = "$(inherited) @executable_path/Frameworks";
				MODULE_NAME = ExampleApp;
				PRODUCT_BUNDLE_IDENTIFIER = "org.cocoapods.demo.$(PRODUCT_NAME:rfc1034identifier)";
				PRODUCT_NAME = "$(TARGET_NAME)";
				SWIFT_OBJC_BRIDGING_HEADER = "HttpInterceptor/HttpInterceptor_Example-Bridging-Header.h";
				SWIFT_OPTIMIZATION_LEVEL = "-Onone";
				SWIFT_SWIFT3_OBJC_INFERENCE = Default;
				SWIFT_VERSION = 4.0;
			};
			name = Debug;
		};
		607FACF11AFB9204008FA782 /* Release */ = {
			isa = XCBuildConfiguration;
			baseConfigurationReference = 7B541CF18C52B1F37F15BC9D /* Pods-HttpInterceptor_Example.release.xcconfig */;
			buildSettings = {
				ASSETCATALOG_COMPILER_APPICON_NAME = AppIcon;
				CLANG_ENABLE_MODULES = YES;
				DEVELOPMENT_TEAM = "";
				INFOPLIST_FILE = HttpInterceptor/Info.plist;
				LD_RUNPATH_SEARCH_PATHS = "$(inherited) @executable_path/Frameworks";
				MODULE_NAME = ExampleApp;
				PRODUCT_BUNDLE_IDENTIFIER = "org.cocoapods.demo.$(PRODUCT_NAME:rfc1034identifier)";
				PRODUCT_NAME = "$(TARGET_NAME)";
				SWIFT_OBJC_BRIDGING_HEADER = "HttpInterceptor/HttpInterceptor_Example-Bridging-Header.h";
				SWIFT_SWIFT3_OBJC_INFERENCE = Default;
				SWIFT_VERSION = 4.0;
			};
			name = Release;
		};
		607FACF31AFB9204008FA782 /* Debug */ = {
			isa = XCBuildConfiguration;
			baseConfigurationReference = 03ABB74695F87F91FBBFC632 /* Pods-HttpInterceptor_Tests.debug.xcconfig */;
			buildSettings = {
				FRAMEWORK_SEARCH_PATHS = (
					"$(PLATFORM_DIR)/Developer/Library/Frameworks",
					"$(inherited)",
				);
				GCC_PREPROCESSOR_DEFINITIONS = (
					"DEBUG=1",
					"$(inherited)",
				);
				INFOPLIST_FILE = Tests/Info.plist;
				LD_RUNPATH_SEARCH_PATHS = "$(inherited) @executable_path/Frameworks @loader_path/Frameworks";
				PRODUCT_BUNDLE_IDENTIFIER = "org.cocoapods.$(PRODUCT_NAME:rfc1034identifier)";
				PRODUCT_NAME = "$(TARGET_NAME)";
				SWIFT_SWIFT3_OBJC_INFERENCE = Default;
				SWIFT_VERSION = 4.0;
				TEST_HOST = "$(BUILT_PRODUCTS_DIR)/HttpInterceptor_Example.app/HttpInterceptor_Example";
			};
			name = Debug;
		};
		607FACF41AFB9204008FA782 /* Release */ = {
			isa = XCBuildConfiguration;
			baseConfigurationReference = 496F35E29D24D27075F826D2 /* Pods-HttpInterceptor_Tests.release.xcconfig */;
			buildSettings = {
				FRAMEWORK_SEARCH_PATHS = (
					"$(PLATFORM_DIR)/Developer/Library/Frameworks",
					"$(inherited)",
				);
				INFOPLIST_FILE = Tests/Info.plist;
				LD_RUNPATH_SEARCH_PATHS = "$(inherited) @executable_path/Frameworks @loader_path/Frameworks";
				PRODUCT_BUNDLE_IDENTIFIER = "org.cocoapods.$(PRODUCT_NAME:rfc1034identifier)";
				PRODUCT_NAME = "$(TARGET_NAME)";
				SWIFT_SWIFT3_OBJC_INFERENCE = Default;
				SWIFT_VERSION = 4.0;
				TEST_HOST = "$(BUILT_PRODUCTS_DIR)/HttpInterceptor_Example.app/HttpInterceptor_Example";
			};
			name = Release;
		};
/* End XCBuildConfiguration section */

/* Begin XCConfigurationList section */
		607FACCB1AFB9204008FA782 /* Build configuration list for PBXProject "HttpInterceptor" */ = {
			isa = XCConfigurationList;
			buildConfigurations = (
				607FACED1AFB9204008FA782 /* Debug */,
				607FACEE1AFB9204008FA782 /* Release */,
			);
			defaultConfigurationIsVisible = 0;
			defaultConfigurationName = Release;
		};
		607FACEF1AFB9204008FA782 /* Build configuration list for PBXNativeTarget "HttpInterceptor_Example" */ = {
			isa = XCConfigurationList;
			buildConfigurations = (
				607FACF01AFB9204008FA782 /* Debug */,
				607FACF11AFB9204008FA782 /* Release */,
			);
			defaultConfigurationIsVisible = 0;
			defaultConfigurationName = Release;
		};
		607FACF21AFB9204008FA782 /* Build configuration list for PBXNativeTarget "HttpInterceptor_Tests" */ = {
			isa = XCConfigurationList;
			buildConfigurations = (
				607FACF31AFB9204008FA782 /* Debug */,
				607FACF41AFB9204008FA782 /* Release */,
			);
			defaultConfigurationIsVisible = 0;
			defaultConfigurationName = Release;
		};
/* End XCConfigurationList section */
	};
	rootObject = 607FACC81AFB9204008FA782 /* Project object */;
}
